
Microsoft Visual Studio Solution File, Format Version 12.00
# Visual Studio 2012
Project("{FAE04EC0-301F-11D3-BF4B-00C04F79EFBC}") = "Tonal", "Tonal\Tonal.csproj", "{7A34B55B-682D-49C6-96E0-9676BA1E2427}"
EndProject
Project("{FAE04EC0-301F-11D3-BF4B-00C04F79EFBC}") = "CUETools.AccurateRip", "..\CUETools.AccurateRip\CUETools.AccurateRip.csproj", "{5802C7E9-157E-4124-946D-70B5AE48A5A1}"
EndProject
Project("{FAE04EC0-301F-11D3-BF4B-00C04F79EFBC}") = "CUETools.CDImage", "..\CUETools.CDImage\CUETools.CDImage.csproj", "{1DD41038-D885-46C5-8DDE-E0B82F066584}"
EndProject
Project("{FAE04EC0-301F-11D3-BF4B-00C04F79EFBC}") = "CUETools.Codecs", "..\CUETools.Codecs\CUETools.Codecs.csproj", "{6458A13A-30EF-45A9-9D58-E5031B17BEE2}"
EndProject
Project("{FAE04EC0-301F-11D3-BF4B-00C04F79EFBC}") = "CUETools.Compression", "..\CUETools.Compression\CUETools.Compression.csproj", "{14EE067E-C218-4625-9540-2361AB27C4A6}"
EndProject
Project("{FAE04EC0-301F-11D3-BF4B-00C04F79EFBC}") = "CUETools.CTDB", "..\CUETools.CTDB\CUETools.CTDB.csproj", "{AA2A9A7E-45FB-4632-AD85-85B0E556F818}"
EndProject
Project("{FAE04EC0-301F-11D3-BF4B-00C04F79EFBC}") = "CUETools.Parity", "..\CUETools.Parity\CUETools.Parity.csproj", "{ECEB839C-171B-4535-958F-9899310A0342}"
EndProject
Project("{FAE04EC0-301F-11D3-BF4B-00C04F79EFBC}") = "CUETools.Processor", "..\CUETools.Processor\CUETools.Processor.csproj", "{4911BD82-49EF-4858-8B51-5394F86739A4}"
EndProject
Project("{FAE04EC0-301F-11D3-BF4B-00C04F79EFBC}") = "CUETools.Ripper", "..\CUETools.Ripper\CUETools.Ripper.csproj", "{D2700165-3E77-4B28-928D-551F5FC11954}"
EndProject
Project("{FAE04EC0-301F-11D3-BF4B-00C04F79EFBC}") = "taglib-sharp", "..\taglib-sharp\src\taglib-sharp.csproj", "{6B143A39-C7B2-4743-9917-92262C60E9A6}"
EndProject
Project("{FAE04EC0-301F-11D3-BF4B-00C04F79EFBC}") = "Freedb", "..\Freedb\Freedb.csproj", "{5ADCFD6D-BFEA-4B10-BB45-9083BBB56AF4}"
EndProject
Global
	GlobalSection(SolutionConfigurationPlatforms) = preSolution
		Debug|Any CPU = Debug|Any CPU
		Release|Any CPU = Release|Any CPU
	EndGlobalSection
	GlobalSection(ProjectConfigurationPlatforms) = postSolution
		{7A34B55B-682D-49C6-96E0-9676BA1E2427}.Debug|Any CPU.ActiveCfg = Debug|Any CPU
		{7A34B55B-682D-49C6-96E0-9676BA1E2427}.Debug|Any CPU.Build.0 = Debug|Any CPU
		{7A34B55B-682D-49C6-96E0-9676BA1E2427}.Release|Any CPU.ActiveCfg = Release|Any CPU
		{7A34B55B-682D-49C6-96E0-9676BA1E2427}.Release|Any CPU.Build.0 = Release|Any CPU
		{5802C7E9-157E-4124-946D-70B5AE48A5A1}.Debug|Any CPU.ActiveCfg = Debug|Any CPU
		{5802C7E9-157E-4124-946D-70B5AE48A5A1}.Debug|Any CPU.Build.0 = Debug|Any CPU
		{5802C7E9-157E-4124-946D-70B5AE48A5A1}.Release|Any CPU.ActiveCfg = Release|Any CPU
		{5802C7E9-157E-4124-946D-70B5AE48A5A1}.Release|Any CPU.Build.0 = Release|Any CPU
		{1DD41038-D885-46C5-8DDE-E0B82F066584}.Debug|Any CPU.ActiveCfg = Debug|Any CPU
		{1DD41038-D885-46C5-8DDE-E0B82F066584}.Debug|Any CPU.Build.0 = Debug|Any CPU
		{1DD41038-D885-46C5-8DDE-E0B82F066584}.Release|Any CPU.ActiveCfg = Release|Any CPU
		{1DD41038-D885-46C5-8DDE-E0B82F066584}.Release|Any CPU.Build.0 = Release|Any CPU
		{6458A13A-30EF-45A9-9D58-E5031B17BEE2}.Debug|Any CPU.ActiveCfg = Debug|Any CPU
		{6458A13A-30EF-45A9-9D58-E5031B17BEE2}.Debug|Any CPU.Build.0 = Debug|Any CPU
		{6458A13A-30EF-45A9-9D58-E5031B17BEE2}.Release|Any CPU.ActiveCfg = Release|Any CPU
		{6458A13A-30EF-45A9-9D58-E5031B17BEE2}.Release|Any CPU.Build.0 = Release|Any CPU
		{14EE067E-C218-4625-9540-2361AB27C4A6}.Debug|Any CPU.ActiveCfg = Debug|Any CPU
		{14EE067E-C218-4625-9540-2361AB27C4A6}.Debug|Any CPU.Build.0 = Debug|Any CPU
		{14EE067E-C218-4625-9540-2361AB27C4A6}.Release|Any CPU.ActiveCfg = Release|Any CPU
		{14EE067E-C218-4625-9540-2361AB27C4A6}.Release|Any CPU.Build.0 = Release|Any CPU
		{AA2A9A7E-45FB-4632-AD85-85B0E556F818}.Debug|Any CPU.ActiveCfg = Debug|Any CPU
		{AA2A9A7E-45FB-4632-AD85-85B0E556F818}.Debug|Any CPU.Build.0 = Debug|Any CPU
		{AA2A9A7E-45FB-4632-AD85-85B0E556F818}.Release|Any CPU.ActiveCfg = Release|Any CPU
		{AA2A9A7E-45FB-4632-AD85-85B0E556F818}.Release|Any CPU.Build.0 = Release|Any CPU
		{ECEB839C-171B-4535-958F-9899310A0342}.Debug|Any CPU.ActiveCfg = Debug|Any CPU
		{ECEB839C-171B-4535-958F-9899310A0342}.Debug|Any CPU.Build.0 = Debug|Any CPU
		{ECEB839C-171B-4535-958F-9899310A0342}.Release|Any CPU.ActiveCfg = Release|Any CPU
		{ECEB839C-171B-4535-958F-9899310A0342}.Release|Any CPU.Build.0 = Release|Any CPU
		{4911BD82-49EF-4858-8B51-5394F86739A4}.Debug|Any CPU.ActiveCfg = Debug|Any CPU
		{4911BD82-49EF-4858-8B51-5394F86739A4}.Debug|Any CPU.Build.0 = Debug|Any CPU
		{4911BD82-49EF-4858-8B51-5394F86739A4}.Release|Any CPU.ActiveCfg = Release|Any CPU
		{4911BD82-49EF-4858-8B51-5394F86739A4}.Release|Any CPU.Build.0 = Release|Any CPU
		{D2700165-3E77-4B28-928D-551F5FC11954}.Debug|Any CPU.ActiveCfg = Debug|Any CPU
		{D2700165-3E77-4B28-928D-551F5FC11954}.Debug|Any CPU.Build.0 = Debug|Any CPU
		{D2700165-3E77-4B28-928D-551F5FC11954}.Release|Any CPU.ActiveCfg = Release|Any CPU
		{D2700165-3E77-4B28-928D-551F5FC11954}.Release|Any CPU.Build.0 = Release|Any CPU
		{6B143A39-C7B2-4743-9917-92262C60E9A6}.Debug|Any CPU.ActiveCfg = Debug|Any CPU
		{6B143A39-C7B2-4743-9917-92262C60E9A6}.Debug|Any CPU.Build.0 = Debug|Any CPU
		{6B143A39-C7B2-4743-9917-92262C60E9A6}.Release|Any CPU.ActiveCfg = Release|Any CPU
		{6B143A39-C7B2-4743-9917-92262C60E9A6}.Release|Any CPU.Build.0 = Release|Any CPU
		{5ADCFD6D-BFEA-4B10-BB45-9083BBB56AF4}.Debug|Any CPU.ActiveCfg = Debug|Any CPU
		{5ADCFD6D-BFEA-4B10-BB45-9083BBB56AF4}.Debug|Any CPU.Build.0 = Debug|Any CPU
		{5ADCFD6D-BFEA-4B10-BB45-9083BBB56AF4}.Release|Any CPU.ActiveCfg = Release|Any CPU
		{5ADCFD6D-BFEA-4B10-BB45-9083BBB56AF4}.Release|Any CPU.Build.0 = Release|Any CPU
	EndGlobalSection
EndGlobal
